
Microsoft Visual Studio Solution File, Format Version 12.00
# Visual Studio Version 17
VisualStudioVersion = 17.4.33213.308
MinimumVisualStudioVersion = 10.0.40219.1
Project("{FAE04EC0-301F-11D3-BF4B-00C04F79EFBC}") = "OtusQuadraticSolverTEST", "OtusQuadraticSolverTEST\OtusQuadraticSolverTEST.csproj", "{2F67A195-43A1-4870-89AB-D80589B0BE86}"
EndProject
Project("{9A19103F-16F7-4668-BE54-9A1E7A4F7556}") = "OtusQuadraticSolver", "..\OtusQuadraticSolver\OtusQuadraticSolver\OtusQuadraticSolver.csproj", "{46D526D2-75D4-482E-8D2F-3FFA9854E156}"
EndProject
Global
	GlobalSection(SolutionConfigurationPlatforms) = preSolution
		Debug|Any CPU = Debug|Any CPU
		Release|Any CPU = Release|Any CPU
	EndGlobalSection
	GlobalSection(ProjectConfigurationPlatforms) = postSolution
		{2F67A195-43A1-4870-89AB-D80589B0BE86}.Debug|Any CPU.ActiveCfg = Debug|Any CPU
		{2F67A195-43A1-4870-89AB-D80589B0BE86}.Debug|Any CPU.Build.0 = Debug|Any CPU
		{2F67A195-43A1-4870-89AB-D80589B0BE86}.Release|Any CPU.ActiveCfg = Release|Any CPU
		{2F67A195-43A1-4870-89AB-D80589B0BE86}.Release|Any CPU.Build.0 = Release|Any CPU
		{46D526D2-75D4-482E-8D2F-3FFA9854E156}.Debug|Any CPU.ActiveCfg = Debug|Any CPU
		{46D526D2-75D4-482E-8D2F-3FFA9854E156}.Debug|Any CPU.Build.0 = Debug|Any CPU
		{46D526D2-75D4-482E-8D2F-3FFA9854E156}.Release|Any CPU.ActiveCfg = Release|Any CPU
		{46D526D2-75D4-482E-8D2F-3FFA9854E156}.Release|Any CPU.Build.0 = Release|Any CPU
	EndGlobalSection
	GlobalSection(SolutionProperties) = preSolution
		HideSolutionNode = FALSE
	EndGlobalSection
	GlobalSection(ExtensibilityGlobals) = postSolution
		SolutionGuid = {9FA27DAC-60CF-414B-AC41-76A452A9BBDB}
	EndGlobalSection
EndGlobal
